github.com/asgteach/myStrmod v1.0.0 h1:tFehY7M95yEe3QX2HG4nMLQJQswQpQOxGphRMCvI6ew=
github.com/asgteach/myStrmod v1.0.0/go.mod h1:eYXePJ8uZabq4kL4NbC4y3nQCqsplA3I+WVozZt0nWI=
github.com/asgteach/myStrmod v1.0.1 h1:d5jogMdjRtQ8bAx7HkBidOHv5DF/QJBUdjTQH5R9XvY=
github.com/asgteach/myStrmod v1.0.1/go.mod h1:eYXePJ8uZabq4kL4NbC4y3nQCqsplA3I+WVozZt0nWI=
